
Microsoft Visual Studio Solution File, Format Version 12.00
# Visual Studio Version 17
VisualStudioVersion = 17.9.34701.34
MinimumVisualStudioVersion = 10.0.40219.1
Project("{FAE04EC0-301F-11D3-BF4B-00C04F79EFBC}") = "App", "App\App.csproj", "{0608C2F4-C2B7-4F6C-A6A1-A3DFC0AF4F74}"
EndProject
Global
	GlobalSection(SolutionConfigurationPlatforms) = preSolution
		Debug|Any CPU = Debug|Any CPU
		Release|Any CPU = Release|Any CPU
	EndGlobalSection
	GlobalSection(ProjectConfigurationPlatforms) = postSolution
		{0608C2F4-C2B7-4F6C-A6A1-A3DFC0AF4F74}.Debug|Any CPU.ActiveCfg = Debug|Any CPU
		{0608C2F4-C2B7-4F6C-A6A1-A3DFC0AF4F74}.Debug|Any CPU.Build.0 = Debug|Any CPU
		{0608C2F4-C2B7-4F6C-A6A1-A3DFC0AF4F74}.Release|Any CPU.ActiveCfg = Release|Any CPU
		{0608C2F4-C2B7-4F6C-A6A1-A3DFC0AF4F74}.Release|Any CPU.Build.0 = Release|Any CPU
	EndGlobalSection
	GlobalSection(SolutionProperties) = preSolution
		HideSolutionNode = FALSE
	EndGlobalSection
	GlobalSection(ExtensibilityGlobals) = postSolution
		SolutionGuid = {412F9DB7-E35C-4D1B-B74D-AA30E7B3EFBF}
	EndGlobalSection
EndGlobal
